
Microsoft Visual Studio Solution File, Format Version 12.00
# Visual Studio 15
VisualStudioVersion = 15.0.26124.0
MinimumVisualStudioVersion = 15.0.26124.0
Project("{2150E333-8FDC-42A3-9474-1A3956D46DE8}") = "doc", "doc", "{9C72FBAF-B9F1-439E-B9AA-72E516432F6C}"
	ProjectSection(SolutionItems) = preProject
		Readme.md = Readme.md
	EndProjectSection
EndProject
Project("{2150E333-8FDC-42A3-9474-1A3956D46DE8}") = "src", "src", "{C260650F-79B8-4C6F-A50A-653B21281461}"
EndProject
Project("{2150E333-8FDC-42A3-9474-1A3956D46DE8}") = "tests", "tests", "{0ADBF222-63F9-4077-B42C-26AFD38238DC}"
EndProject
Project("{FAE04EC0-301F-11D3-BF4B-00C04F79EFBC}") = "BodyRocky.Shared", "src\BodyRocky.Shared\BodyRocky.Shared.csproj", "{DA14E3EA-06E1-4B67-B265-AB1E52AF3F29}"
EndProject
Project("{FAE04EC0-301F-11D3-BF4B-00C04F79EFBC}") = "BodyRocky.Back.Server", "src\BodyRocky.Back.Server\BodyRocky.Back.Server.csproj", "{5DC37C31-FE2F-47C3-AAF7-AC8C15CFD88E}"
EndProject
Project("{FAE04EC0-301F-11D3-BF4B-00C04F79EFBC}") = "BodyRocky.Front.AdminApp", "src\BodyRocky.Front.AdminApp\BodyRocky.Front.AdminApp.csproj", "{AA57437E-E35B-4919-B1FF-95182FD65237}"
EndProject
Project("{FAE04EC0-301F-11D3-BF4B-00C04F79EFBC}") = "BodyRocky.Front.WebApp", "src\BodyRocky.Front.WebApp\BodyRocky.Front.WebApp.csproj", "{9BE1692F-BBF8-48A3-8AED-66F758EB3F76}"
EndProject
Global
	GlobalSection(SolutionConfigurationPlatforms) = preSolution
		Debug|Any CPU = Debug|Any CPU
		Debug|x64 = Debug|x64
		Debug|x86 = Debug|x86
		Release|Any CPU = Release|Any CPU
		Release|x64 = Release|x64
		Release|x86 = Release|x86
	EndGlobalSection
	GlobalSection(SolutionProperties) = preSolution
		HideSolutionNode = FALSE
	EndGlobalSection
	GlobalSection(ProjectConfigurationPlatforms) = postSolution
		{DA14E3EA-06E1-4B67-B265-AB1E52AF3F29}.Debug|Any CPU.ActiveCfg = Debug|Any CPU
		{DA14E3EA-06E1-4B67-B265-AB1E52AF3F29}.Debug|Any CPU.Build.0 = Debug|Any CPU
		{DA14E3EA-06E1-4B67-B265-AB1E52AF3F29}.Debug|x64.ActiveCfg = Debug|Any CPU
		{DA14E3EA-06E1-4B67-B265-AB1E52AF3F29}.Debug|x64.Build.0 = Debug|Any CPU
		{DA14E3EA-06E1-4B67-B265-AB1E52AF3F29}.Debug|x86.ActiveCfg = Debug|Any CPU
		{DA14E3EA-06E1-4B67-B265-AB1E52AF3F29}.Debug|x86.Build.0 = Debug|Any CPU
		{DA14E3EA-06E1-4B67-B265-AB1E52AF3F29}.Release|Any CPU.ActiveCfg = Release|Any CPU
		{DA14E3EA-06E1-4B67-B265-AB1E52AF3F29}.Release|Any CPU.Build.0 = Release|Any CPU
		{DA14E3EA-06E1-4B67-B265-AB1E52AF3F29}.Release|x64.ActiveCfg = Release|Any CPU
		{DA14E3EA-06E1-4B67-B265-AB1E52AF3F29}.Release|x64.Build.0 = Release|Any CPU
		{DA14E3EA-06E1-4B67-B265-AB1E52AF3F29}.Release|x86.ActiveCfg = Release|Any CPU
		{DA14E3EA-06E1-4B67-B265-AB1E52AF3F29}.Release|x86.Build.0 = Release|Any CPU
		{5DC37C31-FE2F-47C3-AAF7-AC8C15CFD88E}.Debug|Any CPU.ActiveCfg = Debug|Any CPU
		{5DC37C31-FE2F-47C3-AAF7-AC8C15CFD88E}.Debug|Any CPU.Build.0 = Debug|Any CPU
		{5DC37C31-FE2F-47C3-AAF7-AC8C15CFD88E}.Debug|x64.ActiveCfg = Debug|Any CPU
		{5DC37C31-FE2F-47C3-AAF7-AC8C15CFD88E}.Debug|x64.Build.0 = Debug|Any CPU
		{5DC37C31-FE2F-47C3-AAF7-AC8C15CFD88E}.Debug|x86.ActiveCfg = Debug|Any CPU
		{5DC37C31-FE2F-47C3-AAF7-AC8C15CFD88E}.Debug|x86.Build.0 = Debug|Any CPU
		{5DC37C31-FE2F-47C3-AAF7-AC8C15CFD88E}.Release|Any CPU.ActiveCfg = Release|Any CPU
		{5DC37C31-FE2F-47C3-AAF7-AC8C15CFD88E}.Release|Any CPU.Build.0 = Release|Any CPU
		{5DC37C31-FE2F-47C3-AAF7-AC8C15CFD88E}.Release|x64.ActiveCfg = Release|Any CPU
		{5DC37C31-FE2F-47C3-AAF7-AC8C15CFD88E}.Release|x64.Build.0 = Release|Any CPU
		{5DC37C31-FE2F-47C3-AAF7-AC8C15CFD88E}.Release|x86.ActiveCfg = Release|Any CPU
		{5DC37C31-FE2F-47C3-AAF7-AC8C15CFD88E}.Release|x86.Build.0 = Release|Any CPU
		{AA57437E-E35B-4919-B1FF-95182FD65237}.Debug|Any CPU.ActiveCfg = Debug|Any CPU
		{AA57437E-E35B-4919-B1FF-95182FD65237}.Debug|Any CPU.Build.0 = Debug|Any CPU
		{AA57437E-E35B-4919-B1FF-95182FD65237}.Debug|x64.ActiveCfg = Debug|Any CPU
		{AA57437E-E35B-4919-B1FF-95182FD65237}.Debug|x64.Build.0 = Debug|Any CPU
		{AA57437E-E35B-4919-B1FF-95182FD65237}.Debug|x86.ActiveCfg = Debug|Any CPU
		{AA57437E-E35B-4919-B1FF-95182FD65237}.Debug|x86.Build.0 = Debug|Any CPU
		{AA57437E-E35B-4919-B1FF-95182FD65237}.Release|Any CPU.ActiveCfg = Release|Any CPU
		{AA57437E-E35B-4919-B1FF-95182FD65237}.Release|Any CPU.Build.0 = Release|Any CPU
		{AA57437E-E35B-4919-B1FF-95182FD65237}.Release|x64.ActiveCfg = Release|Any CPU
		{AA57437E-E35B-4919-B1FF-95182FD65237}.Release|x64.Build.0 = Release|Any CPU
		{AA57437E-E35B-4919-B1FF-95182FD65237}.Release|x86.ActiveCfg = Release|Any CPU
		{AA57437E-E35B-4919-B1FF-95182FD65237}.Release|x86.Build.0 = Release|Any CPU
		{9BE1692F-BBF8-48A3-8AED-66F758EB3F76}.Debug|Any CPU.ActiveCfg = Debug|Any CPU
		{9BE1692F-BBF8-48A3-8AED-66F758EB3F76}.Debug|Any CPU.Build.0 = Debug|Any CPU
		{9BE1692F-BBF8-48A3-8AED-66F758EB3F76}.Debug|x64.ActiveCfg = Debug|Any CPU
		{9BE1692F-BBF8-48A3-8AED-66F758EB3F76}.Debug|x64.Build.0 = Debug|Any CPU
		{9BE1692F-BBF8-48A3-8AED-66F758EB3F76}.Debug|x86.ActiveCfg = Debug|Any CPU
		{9BE1692F-BBF8-48A3-8AED-66F758EB3F76}.Debug|x86.Build.0 = Debug|Any CPU
		{9BE1692F-BBF8-48A3-8AED-66F758EB3F76}.Release|Any CPU.ActiveCfg = Release|Any CPU
		{9BE1692F-BBF8-48A3-8AED-66F758EB3F76}.Release|Any CPU.Build.0 = Release|Any CPU
		{9BE1692F-BBF8-48A3-8AED-66F758EB3F76}.Release|x64.ActiveCfg = Release|Any CPU
		{9BE1692F-BBF8-48A3-8AED-66F758EB3F76}.Release|x64.Build.0 = Release|Any CPU
		{9BE1692F-BBF8-48A3-8AED-66F758EB3F76}.Release|x86.ActiveCfg = Release|Any CPU
		{9BE1692F-BBF8-48A3-8AED-66F758EB3F76}.Release|x86.Build.0 = Release|Any CPU
	EndGlobalSection
	GlobalSection(NestedProjects) = preSolution
		{DA14E3EA-06E1-4B67-B265-AB1E52AF3F29} = {C260650F-79B8-4C6F-A50A-653B21281461}
		{5DC37C31-FE2F-47C3-AAF7-AC8C15CFD88E} = {C260650F-79B8-4C6F-A50A-653B21281461}
		{AA57437E-E35B-4919-B1FF-95182FD65237} = {C260650F-79B8-4C6F-A50A-653B21281461}
		{9BE1692F-BBF8-48A3-8AED-66F758EB3F76} = {C260650F-79B8-4C6F-A50A-653B21281461}
	EndGlobalSection
EndGlobal
